// !$*UTF8*$!
{
	archiveVersion = 1;
	classes = {
	};
	objectVersion = 48;
	objects = {

/* Begin PBXBuildFile section */
		7D902C831FB3D79400C96A24 /* AppDelegate.m in Sources */ = {isa = PBXBuildFile; fileRef = 7D902C821FB3D79400C96A24 /* AppDelegate.m */; };
		7D902C861FB3D79400C96A24 /* Home.m in Sources */ = {isa = PBXBuildFile; fileRef = 7D902C851FB3D79400C96A24 /* Home.m */; };
		7D902C891FB3D79400C96A24 /* Main.storyboard in Resources */ = {isa = PBXBuildFile; fileRef = 7D902C871FB3D79400C96A24 /* Main.storyboard */; };
		7D902C8C1FB3D79400C96A24 /* StarWars_Api.xcdatamodeld in Sources */ = {isa = PBXBuildFile; fileRef = 7D902C8A1FB3D79400C96A24 /* StarWars_Api.xcdatamodeld */; };
		7D902C8E1FB3D79400C96A24 /* Assets.xcassets in Resources */ = {isa = PBXBuildFile; fileRef = 7D902C8D1FB3D79400C96A24 /* Assets.xcassets */; };
		7D902C911FB3D79400C96A24 /* LaunchScreen.storyboard in Resources */ = {isa = PBXBuildFile; fileRef = 7D902C8F1FB3D79400C96A24 /* LaunchScreen.storyboard */; };
		7D902C941FB3D79400C96A24 /* main.m in Sources */ = {isa = PBXBuildFile; fileRef = 7D902C931FB3D79400C96A24 /* main.m */; };
/* End PBXBuildFile section */

/* Begin PBXFileReference section */
		7D902C7E1FB3D79400C96A24 /* StarWars_Api.app */ = {isa = PBXFileReference; explicitFileType = wrapper.application; includeInIndex = 0; path = StarWars_Api.app; sourceTree = BUILT_PRODUCTS_DIR; };
		7D902C811FB3D79400C96A24 /* AppDelegate.h */ = {isa = PBXFileReference; lastKnownFileType = sourcecode.c.h; path = AppDelegate.h; sourceTree = "<group>"; };
		7D902C821FB3D79400C96A24 /* AppDelegate.m */ = {isa = PBXFileReference; lastKnownFileType = sourcecode.c.objc; path = AppDelegate.m; sourceTree = "<group>"; };
		7D902C841FB3D79400C96A24 /* Home.h */ = {isa = PBXFileReference; lastKnownFileType = sourcecode.c.h; path = Home.h; sourceTree = "<group>"; };
		7D902C851FB3D79400C96A24 /* Home.m */ = {isa = PBXFileReference; lastKnownFileType = sourcecode.c.objc; path = Home.m; sourceTree = "<group>"; };
		7D902C881FB3D79400C96A24 /* Base */ = {isa = PBXFileReference; lastKnownFileType = file.storyboard; name = Base; path = Base.lproj/Main.storyboard; sourceTree = "<group>"; };
		7D902C8B1FB3D79400C96A24 /* StarWars_Api.xcdatamodel */ = {isa = PBXFileReference; lastKnownFileType = wrapper.xcdatamodel; path = StarWars_Api.xcdatamodel; sourceTree = "<group>"; };
		7D902C8D1FB3D79400C96A24 /* Assets.xcassets */ = {isa = PBXFileReference; lastKnownFileType = folder.assetcatalog; path = Assets.xcassets; sourceTree = "<group>"; };
		7D902C901FB3D79400C96A24 /* Base */ = {isa = PBXFileReference; lastKnownFileType = file.storyboard; name = Base; path = Base.lproj/LaunchScreen.storyboard; sourceTree = "<group>"; };
		7D902C921FB3D79400C96A24 /* Info.plist */ = {isa = PBXFileReference; lastKnownFileType = text.plist.xml; path = Info.plist; sourceTree = "<group>"; };
		7D902C931FB3D79400C96A24 /* main.m */ = {isa = PBXFileReference; lastKnownFileType = sourcecode.c.objc; path = main.m; sourceTree = "<group>"; };
/* End PBXFileReference section */

/* Begin PBXFrameworksBuildPhase section */
		7D902C7B1FB3D79400C96A24 /* Frameworks */ = {
			isa = PBXFrameworksBuildPhase;
			buildActionMask = 2147483647;
			files = (
			);
			runOnlyForDeploymentPostprocessing = 0;
		};
/* End PBXFrameworksBuildPhase section */

/* Begin PBXGroup section */
		7D902C751FB3D79400C96A24 = {
			isa = PBXGroup;
			children = (
				7D902C801FB3D79400C96A24 /* StarWars_Api */,
				7D902C7F1FB3D79400C96A24 /* Products */,
			);
			sourceTree = "<group>";
		};
		7D902C7F1FB3D79400C96A24 /* Products */ = {
			isa = PBXGroup;
			children = (
				7D902C7E1FB3D79400C96A24 /* StarWars_Api.app */,
			);
			name = Products;
			sourceTree = "<group>";
		};
		7D902C801FB3D79400C96A24 /* StarWars_Api */ = {
			isa = PBXGroup;
			children = (
				7D902C9B1FB3D7AA00C96A24 /* Controllers */,
				7D902C9A1FB3D7A200C96A24 /* Main */,
				7D902C871FB3D79400C96A24 /* Main.storyboard */,
				7D902C8D1FB3D79400C96A24 /* Assets.xcassets */,
				7D902C8F1FB3D79400C96A24 /* LaunchScreen.storyboard */,
				7D902C921FB3D79400C96A24 /* Info.plist */,
				7D902C931FB3D79400C96A24 /* main.m */,
				7D902C8A1FB3D79400C96A24 /* StarWars_Api.xcdatamodeld */,
			);
			path = StarWars_Api;
			sourceTree = "<group>";
		};
		7D902C9A1FB3D7A200C96A24 /* Main */ = {
			isa = PBXGroup;
			children = (
				7D902C811FB3D79400C96A24 /* AppDelegate.h */,
				7D902C821FB3D79400C96A24 /* AppDelegate.m */,
			);
			path = Main;
			sourceTree = "<group>";
		};
		7D902C9B1FB3D7AA00C96A24 /* Controllers */ = {
			isa = PBXGroup;
			children = (
				7D902C841FB3D79400C96A24 /* Home.h */,
				7D902C851FB3D79400C96A24 /* Home.m */,
			);
			path = Controllers;
			sourceTree = "<group>";
		};
/* End PBXGroup section */

/* Begin PBXNativeTarget section */
		7D902C7D1FB3D79400C96A24 /* StarWars_Api */ = {
			isa = PBXNativeTarget;
			buildConfigurationList = 7D902C971FB3D79400C96A24 /* Build configuration list for PBXNativeTarget "StarWars_Api" */;
			buildPhases = (
				7D902C7A1FB3D79400C96A24 /* Sources */,
				7D902C7B1FB3D79400C96A24 /* Frameworks */,
				7D902C7C1FB3D79400C96A24 /* Resources */,
			);
			buildRules = (
			);
			dependencies = (
			);
			name = StarWars_Api;
			productName = StarWars_Api;
			productReference = 7D902C7E1FB3D79400C96A24 /* StarWars_Api.app */;
			productType = "com.apple.product-type.application";
		};
/* End PBXNativeTarget section */

/* Begin PBXProject section */
		7D902C761FB3D79400C96A24 /* Project object */ = {
			isa = PBXProject;
			attributes = {
				LastUpgradeCheck = 0900;
				ORGANIZATIONNAME = "Jose Trinidad Fajardo Flores";
				TargetAttributes = {
					7D902C7D1FB3D79400C96A24 = {
						CreatedOnToolsVersion = 9.0.1;
						ProvisioningStyle = Automatic;
					};
				};
			};
			buildConfigurationList = 7D902C791FB3D79400C96A24 /* Build configuration list for PBXProject "StarWars_Api" */;
			compatibilityVersion = "Xcode 8.0";
			developmentRegion = en;
			hasScannedForEncodings = 0;
			knownRegions = (
				en,
				Base,
			);
			mainGroup = 7D902C751FB3D79400C96A24;
			productRefGroup = 7D902C7F1FB3D79400C96A24 /* Products */;
			projectDirPath = "";
			projectRoot = "";
			targets = (
				7D902C7D1FB3D79400C96A24 /* StarWars_Api */,
			);
		};
/* End PBXProject section */

/* Begin PBXResourcesBuildPhase section */
		7D902C7C1FB3D79400C96A24 /* Resources */ = {
			isa = PBXResourcesBuildPhase;
			buildActionMask = 2147483647;
			files = (
				7D902C911FB3D79400C96A24 /* LaunchScreen.storyboard in Resources */,
				7D902C8E1FB3D79400C96A24 /* Assets.xcassets in Resources */,
				7D902C891FB3D79400C96A24 /* Main.storyboard in Resources */,
			);
			runOnlyForDeploymentPostprocessing = 0;
		};
/* End PBXResourcesBuildPhase section */

/* Begin PBXSourcesBuildPhase section */
		7D902C7A1FB3D79400C96A24 /* Sources */ = {
			isa = PBXSourcesBuildPhase;
			buildActionMask = 2147483647;
			files = (
				7D902C861FB3D79400C96A24 /* Home.m in Sources */,
				7D902C8C1FB3D79400C96A24 /* StarWars_Api.xcdatamodeld in Sources */,
				7D902C941FB3D79400C96A24 /* main.m in Sources */,
				7D902C831FB3D79400C96A24 /* AppDelegate.m in Sources */,
			);
			runOnlyForDeploymentPostprocessing = 0;
		};
/* End PBXSourcesBuildPhase section */

/* Begin PBXVariantGroup section */
		7D902C871FB3D79400C96A24 /* Main.storyboard */ = {
			isa = PBXVariantGroup;
			children = (
				7D902C881FB3D79400C96A24 /* Base */,
			);
			name = Main.storyboard;
			sourceTree = "<group>";
		};
		7D902C8F1FB3D79400C96A24 /* LaunchScreen.storyboard */ = {
			isa = PBXVariantGroup;
			children = (
				7D902C901FB3D79400C96A24 /* Base */,
			);
			name = LaunchScreen.storyboard;
			sourceTree = "<group>";
		};
/* End PBXVariantGroup section */

/* Begin XCBuildConfiguration section */
		7D902C951FB3D79400C96A24 /* Debug */ = {
			isa = XCBuildConfiguration;
			buildSettings = {
				ALWAYS_SEARCH_USER_PATHS = NO;
				CLANG_ANALYZER_NONNULL = YES;
				CLANG_ANALYZER_NUMBER_OBJECT_CONVERSION = YES_AGGRESSIVE;
				CLANG_CXX_LANGUAGE_STANDARD = "gnu++14";
				CLANG_CXX_LIBRARY = "libc++";
				CLANG_ENABLE_MODULES = YES;
				CLANG_ENABLE_OBJC_ARC = YES;
				CLANG_WARN_BLOCK_CAPTURE_AUTORELEASING = YES;
				CLANG_WARN_BOOL_CONVERSION = YES;
				CLANG_WARN_COMMA = YES;
				CLANG_WARN_CONSTANT_CONVERSION = YES;
				CLANG_WARN_DIRECT_OBJC_ISA_USAGE = YES_ERROR;
				CLANG_WARN_DOCUMENTATION_COMMENTS = YES;
				CLANG_WARN_EMPTY_BODY = YES;
				CLANG_WARN_ENUM_CONVERSION = YES;
				CLANG_WARN_INFINITE_RECURSION = YES;
				CLANG_WARN_INT_CONVERSION = YES;
				CLANG_WARN_NON_LITERAL_NULL_CONVERSION = YES;
				CLANG_WARN_OBJC_LITERAL_CONVERSION = YES;
				CLANG_WARN_OBJC_ROOT_CLASS = YES_ERROR;
				CLANG_WARN_RANGE_LOOP_ANALYSIS = YES;
				CLANG_WARN_STRICT_PROTOTYPES = YES;
				CLANG_WARN_SUSPICIOUS_MOVE = YES;
				CLANG_WARN_UNGUARDED_AVAILABILITY = YES_AGGRESSIVE;
				CLANG_WARN_UNREACHABLE_CODE = YES;
				CLANG_WARN__DUPLICATE_METHOD_MATCH = YES;
				CODE_SIGN_IDENTITY = "iPhone Developer";
				COPY_PHASE_STRIP = NO;
				DEBUG_INFORMATION_FORMAT = dwarf;
				ENABLE_STRICT_OBJC_MSGSEND = YES;
				ENABLE_TESTABILITY = YES;
				GCC_C_LANGUAGE_STANDARD = gnu11;
				GCC_DYNAMIC_NO_PIC = NO;
				GCC_NO_COMMON_BLOCKS = YES;
				GCC_OPTIMIZATION_LEVEL = 0;
				GCC_PREPROCESSOR_DEFINITIONS = (
					"DEBUG=1",
					"$(inherited)",
				);
				GCC_WARN_64_TO_32_BIT_CONVERSION = YES;
				GCC_WARN_ABOUT_RETURN_TYPE = YES_ERROR;
				GCC_WARN_UNDECLARED_SELECTOR = YES;
				GCC_WARN_UNINITIALIZED_AUTOS = YES_AGGRESSIVE;
				GCC_WARN_UNUSED_FUNCTION = YES;
				GCC_WARN_UNUSED_VARIABLE = YES;
				IPHONEOS_DEPLOYMENT_TARGET = 11.0;
				MTL_ENABLE_DEBUG_INFO = YES;
				ONLY_ACTIVE_ARCH = YES;
				SDKROOT = iphoneos;
			};
			name = Debug;
		};
		7D902C961FB3D79400C96A24 /* Release */ = {
			isa = XCBuildConfiguration;
			buildSettings = {
				ALWAYS_SEARCH_USER_PATHS = NO;
				CLANG_ANALYZER_NONNULL = YES;
				CLANG_ANALYZER_NUMBER_OBJECT_CONVERSION = YES_AGGRESSIVE;
				CLANG_CXX_LANGUAGE_STANDARD = "gnu++14";
				CLANG_CXX_LIBRARY = "libc++";
				CLANG_ENABLE_MODULES = YES;
				CLANG_ENABLE_OBJC_ARC = YES;
				CLANG_WARN_BLOCK_CAPTURE_AUTORELEASING = YES;
				CLANG_WARN_BOOL_CONVERSION = YES;
				CLANG_WARN_COMMA = YES;
				CLANG_WARN_CONSTANT_CONVERSION = YES;
				CLANG_WARN_DIRECT_OBJC_ISA_USAGE = YES_ERROR;
				CLANG_WARN_DOCUMENTATION_COMMENTS = YES;
				CLANG_WARN_EMPTY_BODY = YES;
				CLANG_WARN_ENUM_CONVERSION = YES;
				CLANG_WARN_INFINITE_RECURSION = YES;
				CLANG_WARN_INT_CONVERSION = YES;
				CLANG_WARN_NON_LITERAL_NULL_CONVERSION = YES;
				CLANG_WARN_OBJC_LITERAL_CONVERSION = YES;
				CLANG_WARN_OBJC_ROOT_CLASS = YES_ERROR;
				CLANG_WARN_RANGE_LOOP_ANALYSIS = YES;
				CLANG_WARN_STRICT_PROTOTYPES = YES;
				CLANG_WARN_SUSPICIOUS_MOVE = YES;
				CLANG_WARN_UNGUARDED_AVAILABILITY = YES_AGGRESSIVE;
				CLANG_WARN_UNREACHABLE_CODE = YES;
				CLANG_WARN__DUPLICATE_METHOD_MATCH = YES;
				CODE_SIGN_IDENTITY = "iPhone Developer";
				COPY_PHASE_STRIP = NO;
				DEBUG_INFORMATION_FORMAT = "dwarf-with-dsym";
				ENABLE_NS_ASSERTIONS = NO;
				ENABLE_STRICT_OBJC_MSGSEND = YES;
				GCC_C_LANGUAGE_STANDARD = gnu11;
				GCC_NO_COMMON_BLOCKS = YES;
				GCC_WARN_64_TO_32_BIT_CONVERSION = YES;
				GCC_WARN_ABOUT_RETURN_TYPE = YES_ERROR;
				GCC_WARN_UNDECLARED_SELECTOR = YES;
				GCC_WARN_UNINITIALIZED_AUTOS = YES_AGGRESSIVE;
				GCC_WARN_UNUSED_FUNCTION = YES;
				GCC_WARN_UNUSED_VARIABLE = YES;
				IPHONEOS_DEPLOYMENT_TARGET = 11.0;
				MTL_ENABLE_DEBUG_INFO = NO;
				SDKROOT = iphoneos;
				VALIDATE_PRODUCT = YES;
			};
			name = Release;
		};
		7D902C981FB3D79400C96A24 /* Debug */ = {
			isa = XCBuildConfiguration;
			buildSettings = {
				ASSETCATALOG_COMPILER_APPICON_NAME = AppIcon;
				CODE_SIGN_STYLE = Automatic;
				INFOPLIST_FILE = StarWars_Api/Info.plist;
				LD_RUNPATH_SEARCH_PATHS = "$(inherited) @executable_path/Frameworks";
				PRODUCT_BUNDLE_IDENTIFIER = "com.uag.StarWars-Api";
				PRODUCT_NAME = "$(TARGET_NAME)";
				TARGETED_DEVICE_FAMILY = "1,2";
			};
			name = Debug;
		};
		7D902C991FB3D79400C96A24 /* Release */ = {
			isa = XCBuildConfiguration;
			buildSettings = {
				ASSETCATALOG_COMPILER_APPICON_NAME = AppIcon;
				CODE_SIGN_STYLE = Automatic;
				INFOPLIST_FILE = StarWars_Api/Info.plist;
				LD_RUNPATH_SEARCH_PATHS = "$(inherited) @executable_path/Frameworks";
				PRODUCT_BUNDLE_IDENTIFIER = "com.uag.StarWars-Api";
				PRODUCT_NAME = "$(TARGET_NAME)";
				TARGETED_DEVICE_FAMILY = "1,2";
			};
			name = Release;
		};
/* End XCBuildConfiguration section */

/* Begin XCConfigurationList section */
		7D902C791FB3D79400C96A24 /* Build configuration list for PBXProject "StarWars_Api" */ = {
			isa = XCConfigurationList;
			buildConfigurations = (
				7D902C951FB3D79400C96A24 /* Debug */,
				7D902C961FB3D79400C96A24 /* Release */,
			);
			defaultConfigurationIsVisible = 0;
			defaultConfigurationName = Release;
		};
		7D902C971FB3D79400C96A24 /* Build configuration list for PBXNativeTarget "StarWars_Api" */ = {
			isa = XCConfigurationList;
			buildConfigurations = (
				7D902C981FB3D79400C96A24 /* Debug */,
				7D902C991FB3D79400C96A24 /* Release */,
			);
			defaultConfigurationIsVisible = 0;
			defaultConfigurationName = Release;
		};
/* End XCConfigurationList section */

/* Begin XCVersionGroup section */
		7D902C8A1FB3D79400C96A24 /* StarWars_Api.xcdatamodeld */ = {
			isa = XCVersionGroup;
			children = (
				7D902C8B1FB3D79400C96A24 /* StarWars_Api.xcdatamodel */,
			);
			currentVersion = 7D902C8B1FB3D79400C96A24 /* StarWars_Api.xcdatamodel */;
			path = StarWars_Api.xcdatamodeld;
			sourceTree = "<group>";
			versionGroupType = wrapper.xcdatamodel;
		};
/* End XCVersionGroup section */
	};
	rootObject = 7D902C761FB3D79400C96A24 /* Project object */;
}
